
Microsoft Visual Studio Solution File, Format Version 12.00
# Visual Studio Version 17
VisualStudioVersion = 17.0.31919.166
MinimumVisualStudioVersion = 10.0.40219.1
Project("{9A19103F-16F7-4668-BE54-9A1E7A4F7556}") = "OuterHeavenBot", "OuterHeavenBot\OuterHeavenBot.csproj", "{0882FB08-C3A2-4774-9178-8C3214929C92}"
EndProject
Global
	GlobalSection(SolutionConfigurationPlatforms) = preSolution
		Debug|Any CPU = Debug|Any CPU
		Release|Any CPU = Release|Any CPU
	EndGlobalSection
	GlobalSection(ProjectConfigurationPlatforms) = postSolution
		{0882FB08-C3A2-4774-9178-8C3214929C92}.Debug|Any CPU.ActiveCfg = Debug|Any CPU
		{0882FB08-C3A2-4774-9178-8C3214929C92}.Debug|Any CPU.Build.0 = Debug|Any CPU
		{0882FB08-C3A2-4774-9178-8C3214929C92}.Release|Any CPU.ActiveCfg = Release|Any CPU
		{0882FB08-C3A2-4774-9178-8C3214929C92}.Release|Any CPU.Build.0 = Release|Any CPU
	EndGlobalSection
	GlobalSection(SolutionProperties) = preSolution
		HideSolutionNode = FALSE
	EndGlobalSection
	GlobalSection(ExtensibilityGlobals) = postSolution
		SolutionGuid = {192B06A5-0FB1-4A57-9D36-161292E8D4AB}
	EndGlobalSection
EndGlobal
